
Microsoft Visual Studio Solution File, Format Version 12.00
# Visual Studio 15
VisualStudioVersion = 15.0.27130.2010
MinimumVisualStudioVersion = 10.0.40219.1
Project("{FAE04EC0-301F-11D3-BF4B-00C04F79EFBC}") = "Array File Reader Assignment", "Array File Reader Assignment\Array File Reader Assignment.csproj", "{0092DD35-08FE-476A-A7D5-1D210D3831DD}"
EndProject
Global
	GlobalSection(SolutionConfigurationPlatforms) = preSolution
		Debug|Any CPU = Debug|Any CPU
		Release|Any CPU = Release|Any CPU
	EndGlobalSection
	GlobalSection(ProjectConfigurationPlatforms) = postSolution
		{0092DD35-08FE-476A-A7D5-1D210D3831DD}.Debug|Any CPU.ActiveCfg = Debug|Any CPU
		{0092DD35-08FE-476A-A7D5-1D210D3831DD}.Debug|Any CPU.Build.0 = Debug|Any CPU
		{0092DD35-08FE-476A-A7D5-1D210D3831DD}.Release|Any CPU.ActiveCfg = Release|Any CPU
		{0092DD35-08FE-476A-A7D5-1D210D3831DD}.Release|Any CPU.Build.0 = Release|Any CPU
	EndGlobalSection
	GlobalSection(SolutionProperties) = preSolution
		HideSolutionNode = FALSE
	EndGlobalSection
	GlobalSection(ExtensibilityGlobals) = postSolution
		SolutionGuid = {7A06AC2F-29F3-4AE9-A12C-0BFA87075A84}
	EndGlobalSection
EndGlobal
